// !$*UTF8*$!
{
	archiveVersion = 1;
	classes = {
	};
	objectVersion = 56;
	objects = {

/* Begin PBXBuildFile section */
		D839EA9E2ABEBD1C006BA225 /* TravelDiscoveryApp.swift in Sources */ = {isa = PBXBuildFile; fileRef = D839EA9D2ABEBD1C006BA225 /* TravelDiscoveryApp.swift */; };
		D839EAA02ABEBD1C006BA225 /* DiscoverView.swift in Sources */ = {isa = PBXBuildFile; fileRef = D839EA9F2ABEBD1C006BA225 /* DiscoverView.swift */; };
		D839EAA22ABEBD1E006BA225 /* Assets.xcassets in Resources */ = {isa = PBXBuildFile; fileRef = D839EAA12ABEBD1E006BA225 /* Assets.xcassets */; };
		D839EAA62ABEBD1E006BA225 /* Preview Assets.xcassets in Resources */ = {isa = PBXBuildFile; fileRef = D839EAA52ABEBD1E006BA225 /* Preview Assets.xcassets */; };
		D839EAAE2AC08385006BA225 /* PopularDestinationsView.swift in Sources */ = {isa = PBXBuildFile; fileRef = D839EAAD2AC08385006BA225 /* PopularDestinationsView.swift */; };
		D839EAB02AC084B2006BA225 /* PopularRestaurantsView.swift in Sources */ = {isa = PBXBuildFile; fileRef = D839EAAF2AC084B2006BA225 /* PopularRestaurantsView.swift */; };
		D839EAB22AC08548006BA225 /* DiscoverCategoriesView.swift in Sources */ = {isa = PBXBuildFile; fileRef = D839EAB12AC08548006BA225 /* DiscoverCategoriesView.swift */; };
		D839EAB42AC08615006BA225 /* TrendingCreatorsView.swift in Sources */ = {isa = PBXBuildFile; fileRef = D839EAB32AC08615006BA225 /* TrendingCreatorsView.swift */; };
		D839EAB72AC086D7006BA225 /* Destination.swift in Sources */ = {isa = PBXBuildFile; fileRef = D839EAB62AC086D7006BA225 /* Destination.swift */; };
		D839EAB92AC08724006BA225 /* Restaurant.swift in Sources */ = {isa = PBXBuildFile; fileRef = D839EAB82AC08724006BA225 /* Restaurant.swift */; };
		D839EABB2AC08757006BA225 /* Category.swift in Sources */ = {isa = PBXBuildFile; fileRef = D839EABA2AC08757006BA225 /* Category.swift */; };
		D839EABD2AC08771006BA225 /* User.swift in Sources */ = {isa = PBXBuildFile; fileRef = D839EABC2AC08771006BA225 /* User.swift */; };
		D839EAC02AC0B975006BA225 /* TileModifier.swift in Sources */ = {isa = PBXBuildFile; fileRef = D839EABF2AC0B975006BA225 /* TileModifier.swift */; };
		D8AE4D1C2AC31796009BB0C1 /* Kingfisher in Frameworks */ = {isa = PBXBuildFile; productRef = D8AE4D1B2AC31796009BB0C1 /* Kingfisher */; };
		D8AE4D1F2AC318BF009BB0C1 /* SDWebImageSwiftUI in Frameworks */ = {isa = PBXBuildFile; productRef = D8AE4D1E2AC318BF009BB0C1 /* SDWebImageSwiftUI */; };
		D8AE4D222AC31D39009BB0C1 /* CategoryDetailsView.swift in Sources */ = {isa = PBXBuildFile; fileRef = D8AE4D212AC31D39009BB0C1 /* CategoryDetailsView.swift */; };
		D8AE4D242AC31DF8009BB0C1 /* ActivityIndicatorView.swift in Sources */ = {isa = PBXBuildFile; fileRef = D8AE4D232AC31DF8009BB0C1 /* ActivityIndicatorView.swift */; };
		D8AE4D262AC31E56009BB0C1 /* Place.swift in Sources */ = {isa = PBXBuildFile; fileRef = D8AE4D252AC31E56009BB0C1 /* Place.swift */; };
/* End PBXBuildFile section */

/* Begin PBXFileReference section */
		D839EA9A2ABEBD1C006BA225 /* TravelDiscovery.app */ = {isa = PBXFileReference; explicitFileType = wrapper.application; includeInIndex = 0; path = TravelDiscovery.app; sourceTree = BUILT_PRODUCTS_DIR; };
		D839EA9D2ABEBD1C006BA225 /* TravelDiscoveryApp.swift */ = {isa = PBXFileReference; lastKnownFileType = sourcecode.swift; path = TravelDiscoveryApp.swift; sourceTree = "<group>"; };
		D839EA9F2ABEBD1C006BA225 /* DiscoverView.swift */ = {isa = PBXFileReference; lastKnownFileType = sourcecode.swift; path = DiscoverView.swift; sourceTree = "<group>"; };
		D839EAA12ABEBD1E006BA225 /* Assets.xcassets */ = {isa = PBXFileReference; lastKnownFileType = folder.assetcatalog; path = Assets.xcassets; sourceTree = "<group>"; };
		D839EAA32ABEBD1E006BA225 /* TravelDiscovery.entitlements */ = {isa = PBXFileReference; lastKnownFileType = text.plist.entitlements; path = TravelDiscovery.entitlements; sourceTree = "<group>"; };
		D839EAA52ABEBD1E006BA225 /* Preview Assets.xcassets */ = {isa = PBXFileReference; lastKnownFileType = folder.assetcatalog; path = "Preview Assets.xcassets"; sourceTree = "<group>"; };
		D839EAAD2AC08385006BA225 /* PopularDestinationsView.swift */ = {isa = PBXFileReference; lastKnownFileType = sourcecode.swift; path = PopularDestinationsView.swift; sourceTree = "<group>"; };
		D839EAAF2AC084B2006BA225 /* PopularRestaurantsView.swift */ = {isa = PBXFileReference; lastKnownFileType = sourcecode.swift; path = PopularRestaurantsView.swift; sourceTree = "<group>"; };
		D839EAB12AC08548006BA225 /* DiscoverCategoriesView.swift */ = {isa = PBXFileReference; lastKnownFileType = sourcecode.swift; path = DiscoverCategoriesView.swift; sourceTree = "<group>"; };
		D839EAB32AC08615006BA225 /* TrendingCreatorsView.swift */ = {isa = PBXFileReference; lastKnownFileType = sourcecode.swift; path = TrendingCreatorsView.swift; sourceTree = "<group>"; };
		D839EAB62AC086D7006BA225 /* Destination.swift */ = {isa = PBXFileReference; lastKnownFileType = sourcecode.swift; path = Destination.swift; sourceTree = "<group>"; };
		D839EAB82AC08724006BA225 /* Restaurant.swift */ = {isa = PBXFileReference; lastKnownFileType = sourcecode.swift; path = Restaurant.swift; sourceTree = "<group>"; };
		D839EABA2AC08757006BA225 /* Category.swift */ = {isa = PBXFileReference; lastKnownFileType = sourcecode.swift; path = Category.swift; sourceTree = "<group>"; };
		D839EABC2AC08771006BA225 /* User.swift */ = {isa = PBXFileReference; lastKnownFileType = sourcecode.swift; path = User.swift; sourceTree = "<group>"; };
		D839EABF2AC0B975006BA225 /* TileModifier.swift */ = {isa = PBXFileReference; lastKnownFileType = sourcecode.swift; path = TileModifier.swift; sourceTree = "<group>"; };
		D8AE4D212AC31D39009BB0C1 /* CategoryDetailsView.swift */ = {isa = PBXFileReference; lastKnownFileType = sourcecode.swift; path = CategoryDetailsView.swift; sourceTree = "<group>"; };
		D8AE4D232AC31DF8009BB0C1 /* ActivityIndicatorView.swift */ = {isa = PBXFileReference; lastKnownFileType = sourcecode.swift; path = ActivityIndicatorView.swift; sourceTree = "<group>"; };
		D8AE4D252AC31E56009BB0C1 /* Place.swift */ = {isa = PBXFileReference; lastKnownFileType = sourcecode.swift; path = Place.swift; sourceTree = "<group>"; };
/* End PBXFileReference section */

/* Begin PBXFrameworksBuildPhase section */
		D839EA972ABEBD1C006BA225 /* Frameworks */ = {
			isa = PBXFrameworksBuildPhase;
			buildActionMask = 2147483647;
			files = (
				D8AE4D1F2AC318BF009BB0C1 /* SDWebImageSwiftUI in Frameworks */,
				D8AE4D1C2AC31796009BB0C1 /* Kingfisher in Frameworks */,
			);
			runOnlyForDeploymentPostprocessing = 0;
		};
/* End PBXFrameworksBuildPhase section */

/* Begin PBXGroup section */
		D839EA912ABEBD1C006BA225 = {
			isa = PBXGroup;
			children = (
				D839EA9C2ABEBD1C006BA225 /* TravelDiscovery */,
				D839EA9B2ABEBD1C006BA225 /* Products */,
			);
			sourceTree = "<group>";
		};
		D839EA9B2ABEBD1C006BA225 /* Products */ = {
			isa = PBXGroup;
			children = (
				D839EA9A2ABEBD1C006BA225 /* TravelDiscovery.app */,
			);
			name = Products;
			sourceTree = "<group>";
		};
		D839EA9C2ABEBD1C006BA225 /* TravelDiscovery */ = {
			isa = PBXGroup;
			children = (
				D839EABE2AC0B94C006BA225 /* Utils */,
				D839EAB52AC086B4006BA225 /* Models */,
				D839EAAC2AC076DA006BA225 /* Discover */,
				D839EA9D2ABEBD1C006BA225 /* TravelDiscoveryApp.swift */,
				D839EAA12ABEBD1E006BA225 /* Assets.xcassets */,
				D839EAA32ABEBD1E006BA225 /* TravelDiscovery.entitlements */,
				D839EAA42ABEBD1E006BA225 /* Preview Content */,
			);
			path = TravelDiscovery;
			sourceTree = "<group>";
		};
		D839EAA42ABEBD1E006BA225 /* Preview Content */ = {
			isa = PBXGroup;
			children = (
				D839EAA52ABEBD1E006BA225 /* Preview Assets.xcassets */,
			);
			path = "Preview Content";
			sourceTree = "<group>";
		};
		D839EAAC2AC076DA006BA225 /* Discover */ = {
			isa = PBXGroup;
			children = (
				D8AE4D202AC31D23009BB0C1 /* Category */,
				D839EA9F2ABEBD1C006BA225 /* DiscoverView.swift */,
				D839EAB12AC08548006BA225 /* DiscoverCategoriesView.swift */,
				D839EAAD2AC08385006BA225 /* PopularDestinationsView.swift */,
				D839EAAF2AC084B2006BA225 /* PopularRestaurantsView.swift */,
				D839EAB32AC08615006BA225 /* TrendingCreatorsView.swift */,
			);
			path = Discover;
			sourceTree = "<group>";
		};
		D839EAB52AC086B4006BA225 /* Models */ = {
			isa = PBXGroup;
			children = (
				D839EAB62AC086D7006BA225 /* Destination.swift */,
				D839EAB82AC08724006BA225 /* Restaurant.swift */,
				D839EABA2AC08757006BA225 /* Category.swift */,
				D839EABC2AC08771006BA225 /* User.swift */,
				D8AE4D252AC31E56009BB0C1 /* Place.swift */,
			);
			path = Models;
			sourceTree = "<group>";
		};
		D839EABE2AC0B94C006BA225 /* Utils */ = {
			isa = PBXGroup;
			children = (
				D839EABF2AC0B975006BA225 /* TileModifier.swift */,
				D8AE4D232AC31DF8009BB0C1 /* ActivityIndicatorView.swift */,
			);
			path = Utils;
			sourceTree = "<group>";
		};
		D8AE4D202AC31D23009BB0C1 /* Category */ = {
			isa = PBXGroup;
			children = (
				D8AE4D212AC31D39009BB0C1 /* CategoryDetailsView.swift */,
			);
			path = Category;
			sourceTree = "<group>";
		};
/* End PBXGroup section */

/* Begin PBXNativeTarget section */
		D839EA992ABEBD1C006BA225 /* TravelDiscovery */ = {
			isa = PBXNativeTarget;
			buildConfigurationList = D839EAA92ABEBD1E006BA225 /* Build configuration list for PBXNativeTarget "TravelDiscovery" */;
			buildPhases = (
				D839EA962ABEBD1C006BA225 /* Sources */,
				D839EA972ABEBD1C006BA225 /* Frameworks */,
				D839EA982ABEBD1C006BA225 /* Resources */,
			);
			buildRules = (
			);
			dependencies = (
			);
			name = TravelDiscovery;
			packageProductDependencies = (
				D8AE4D1B2AC31796009BB0C1 /* Kingfisher */,
				D8AE4D1E2AC318BF009BB0C1 /* SDWebImageSwiftUI */,
			);
			productName = TravelDiscovery;
			productReference = D839EA9A2ABEBD1C006BA225 /* TravelDiscovery.app */;
			productType = "com.apple.product-type.application";
		};
/* End PBXNativeTarget section */

/* Begin PBXProject section */
		D839EA922ABEBD1C006BA225 /* Project object */ = {
			isa = PBXProject;
			attributes = {
				BuildIndependentTargetsInParallel = 1;
				LastSwiftUpdateCheck = 1410;
				LastUpgradeCheck = 1410;
				TargetAttributes = {
					D839EA992ABEBD1C006BA225 = {
						CreatedOnToolsVersion = 14.1;
					};
				};
			};
			buildConfigurationList = D839EA952ABEBD1C006BA225 /* Build configuration list for PBXProject "TravelDiscovery" */;
			compatibilityVersion = "Xcode 14.0";
			developmentRegion = en;
			hasScannedForEncodings = 0;
			knownRegions = (
				en,
				Base,
			);
			mainGroup = D839EA912ABEBD1C006BA225;
			packageReferences = (
				D8AE4D1A2AC31796009BB0C1 /* XCRemoteSwiftPackageReference "Kingfisher" */,
				D8AE4D1D2AC318BF009BB0C1 /* XCRemoteSwiftPackageReference "SDWebImageSwiftUI" */,
			);
			productRefGroup = D839EA9B2ABEBD1C006BA225 /* Products */;
			projectDirPath = "";
			projectRoot = "";
			targets = (
				D839EA992ABEBD1C006BA225 /* TravelDiscovery */,
			);
		};
/* End PBXProject section */

/* Begin PBXResourcesBuildPhase section */
		D839EA982ABEBD1C006BA225 /* Resources */ = {
			isa = PBXResourcesBuildPhase;
			buildActionMask = 2147483647;
			files = (
				D839EAA62ABEBD1E006BA225 /* Preview Assets.xcassets in Resources */,
				D839EAA22ABEBD1E006BA225 /* Assets.xcassets in Resources */,
			);
			runOnlyForDeploymentPostprocessing = 0;
		};
/* End PBXResourcesBuildPhase section */

/* Begin PBXSourcesBuildPhase section */
		D839EA962ABEBD1C006BA225 /* Sources */ = {
			isa = PBXSourcesBuildPhase;
			buildActionMask = 2147483647;
			files = (
				D839EAB22AC08548006BA225 /* DiscoverCategoriesView.swift in Sources */,
				D839EAC02AC0B975006BA225 /* TileModifier.swift in Sources */,
				D839EAAE2AC08385006BA225 /* PopularDestinationsView.swift in Sources */,
				D839EAB42AC08615006BA225 /* TrendingCreatorsView.swift in Sources */,
				D839EAB02AC084B2006BA225 /* PopularRestaurantsView.swift in Sources */,
				D8AE4D262AC31E56009BB0C1 /* Place.swift in Sources */,
				D839EAB92AC08724006BA225 /* Restaurant.swift in Sources */,
				D839EABB2AC08757006BA225 /* Category.swift in Sources */,
				D839EAA02ABEBD1C006BA225 /* DiscoverView.swift in Sources */,
				D839EA9E2ABEBD1C006BA225 /* TravelDiscoveryApp.swift in Sources */,
				D839EABD2AC08771006BA225 /* User.swift in Sources */,
				D839EAB72AC086D7006BA225 /* Destination.swift in Sources */,
				D8AE4D242AC31DF8009BB0C1 /* ActivityIndicatorView.swift in Sources */,
				D8AE4D222AC31D39009BB0C1 /* CategoryDetailsView.swift in Sources */,
			);
			runOnlyForDeploymentPostprocessing = 0;
		};
/* End PBXSourcesBuildPhase section */

/* Begin XCBuildConfiguration section */
		D839EAA72ABEBD1E006BA225 /* Debug */ = {
			isa = XCBuildConfiguration;
			buildSettings = {
				ALWAYS_SEARCH_USER_PATHS = NO;
				CLANG_ANALYZER_NONNULL = YES;
				CLANG_ANALYZER_NUMBER_OBJECT_CONVERSION = YES_AGGRESSIVE;
				CLANG_CXX_LANGUAGE_STANDARD = "gnu++20";
				CLANG_ENABLE_MODULES = YES;
				CLANG_ENABLE_OBJC_ARC = YES;
				CLANG_ENABLE_OBJC_WEAK = YES;
				CLANG_WARN_BLOCK_CAPTURE_AUTORELEASING = YES;
				CLANG_WARN_BOOL_CONVERSION = YES;
				CLANG_WARN_COMMA = YES;
				CLANG_WARN_CONSTANT_CONVERSION = YES;
				CLANG_WARN_DEPRECATED_OBJC_IMPLEMENTATIONS = YES;
				CLANG_WARN_DIRECT_OBJC_ISA_USAGE = YES_ERROR;
				CLANG_WARN_DOCUMENTATION_COMMENTS = YES;
				CLANG_WARN_EMPTY_BODY = YES;
				CLANG_WARN_ENUM_CONVERSION = YES;
				CLANG_WARN_INFINITE_RECURSION = YES;
				CLANG_WARN_INT_CONVERSION = YES;
				CLANG_WARN_NON_LITERAL_NULL_CONVERSION = YES;
				CLANG_WARN_OBJC_IMPLICIT_RETAIN_SELF = YES;
				CLANG_WARN_OBJC_LITERAL_CONVERSION = YES;
				CLANG_WARN_OBJC_ROOT_CLASS = YES_ERROR;
				CLANG_WARN_QUOTED_INCLUDE_IN_FRAMEWORK_HEADER = YES;
				CLANG_WARN_RANGE_LOOP_ANALYSIS = YES;
				CLANG_WARN_STRICT_PROTOTYPES = YES;
				CLANG_WARN_SUSPICIOUS_MOVE = YES;
				CLANG_WARN_UNGUARDED_AVAILABILITY = YES_AGGRESSIVE;
				CLANG_WARN_UNREACHABLE_CODE = YES;
				CLANG_WARN__DUPLICATE_METHOD_MATCH = YES;
				COPY_PHASE_STRIP = NO;
				DEBUG_INFORMATION_FORMAT = dwarf;
				ENABLE_STRICT_OBJC_MSGSEND = YES;
				ENABLE_TESTABILITY = YES;
				GCC_C_LANGUAGE_STANDARD = gnu11;
				GCC_DYNAMIC_NO_PIC = NO;
				GCC_NO_COMMON_BLOCKS = YES;
				GCC_OPTIMIZATION_LEVEL = 0;
				GCC_PREPROCESSOR_DEFINITIONS = (
					"DEBUG=1",
					"$(inherited)",
				);
				GCC_WARN_64_TO_32_BIT_CONVERSION = YES;
				GCC_WARN_ABOUT_RETURN_TYPE = YES_ERROR;
				GCC_WARN_UNDECLARED_SELECTOR = YES;
				GCC_WARN_UNINITIALIZED_AUTOS = YES_AGGRESSIVE;
				GCC_WARN_UNUSED_FUNCTION = YES;
				GCC_WARN_UNUSED_VARIABLE = YES;
				MTL_ENABLE_DEBUG_INFO = INCLUDE_SOURCE;
				MTL_FAST_MATH = YES;
				ONLY_ACTIVE_ARCH = YES;
				SWIFT_ACTIVE_COMPILATION_CONDITIONS = DEBUG;
				SWIFT_OPTIMIZATION_LEVEL = "-Onone";
			};
			name = Debug;
		};
		D839EAA82ABEBD1E006BA225 /* Release */ = {
			isa = XCBuildConfiguration;
			buildSettings = {
				ALWAYS_SEARCH_USER_PATHS = NO;
				CLANG_ANALYZER_NONNULL = YES;
				CLANG_ANALYZER_NUMBER_OBJECT_CONVERSION = YES_AGGRESSIVE;
				CLANG_CXX_LANGUAGE_STANDARD = "gnu++20";
				CLANG_ENABLE_MODULES = YES;
				CLANG_ENABLE_OBJC_ARC = YES;
				CLANG_ENABLE_OBJC_WEAK = YES;
				CLANG_WARN_BLOCK_CAPTURE_AUTORELEASING = YES;
				CLANG_WARN_BOOL_CONVERSION = YES;
				CLANG_WARN_COMMA = YES;
				CLANG_WARN_CONSTANT_CONVERSION = YES;
				CLANG_WARN_DEPRECATED_OBJC_IMPLEMENTATIONS = YES;
				CLANG_WARN_DIRECT_OBJC_ISA_USAGE = YES_ERROR;
				CLANG_WARN_DOCUMENTATION_COMMENTS = YES;
				CLANG_WARN_EMPTY_BODY = YES;
				CLANG_WARN_ENUM_CONVERSION = YES;
				CLANG_WARN_INFINITE_RECURSION = YES;
				CLANG_WARN_INT_CONVERSION = YES;
				CLANG_WARN_NON_LITERAL_NULL_CONVERSION = YES;
				CLANG_WARN_OBJC_IMPLICIT_RETAIN_SELF = YES;
				CLANG_WARN_OBJC_LITERAL_CONVERSION = YES;
				CLANG_WARN_OBJC_ROOT_CLASS = YES_ERROR;
				CLANG_WARN_QUOTED_INCLUDE_IN_FRAMEWORK_HEADER = YES;
				CLANG_WARN_RANGE_LOOP_ANALYSIS = YES;
				CLANG_WARN_STRICT_PROTOTYPES = YES;
				CLANG_WARN_SUSPICIOUS_MOVE = YES;
				CLANG_WARN_UNGUARDED_AVAILABILITY = YES_AGGRESSIVE;
				CLANG_WARN_UNREACHABLE_CODE = YES;
				CLANG_WARN__DUPLICATE_METHOD_MATCH = YES;
				COPY_PHASE_STRIP = NO;
				DEBUG_INFORMATION_FORMAT = "dwarf-with-dsym";
				ENABLE_NS_ASSERTIONS = NO;
				ENABLE_STRICT_OBJC_MSGSEND = YES;
				GCC_C_LANGUAGE_STANDARD = gnu11;
				GCC_NO_COMMON_BLOCKS = YES;
				GCC_WARN_64_TO_32_BIT_CONVERSION = YES;
				GCC_WARN_ABOUT_RETURN_TYPE = YES_ERROR;
				GCC_WARN_UNDECLARED_SELECTOR = YES;
				GCC_WARN_UNINITIALIZED_AUTOS = YES_AGGRESSIVE;
				GCC_WARN_UNUSED_FUNCTION = YES;
				GCC_WARN_UNUSED_VARIABLE = YES;
				MTL_ENABLE_DEBUG_INFO = NO;
				MTL_FAST_MATH = YES;
				SWIFT_COMPILATION_MODE = wholemodule;
				SWIFT_OPTIMIZATION_LEVEL = "-O";
			};
			name = Release;
		};
		D839EAAA2ABEBD1E006BA225 /* Debug */ = {
			isa = XCBuildConfiguration;
			buildSettings = {
				ASSETCATALOG_COMPILER_APPICON_NAME = AppIcon;
				ASSETCATALOG_COMPILER_GLOBAL_ACCENT_COLOR_NAME = AccentColor;
				CODE_SIGN_ENTITLEMENTS = TravelDiscovery/TravelDiscovery.entitlements;
				CODE_SIGN_STYLE = Automatic;
				CURRENT_PROJECT_VERSION = 1;
				DEVELOPMENT_ASSET_PATHS = "\"TravelDiscovery/Preview Content\"";
				DEVELOPMENT_TEAM = Q5CYH8RVUS;
				ENABLE_HARDENED_RUNTIME = YES;
				ENABLE_PREVIEWS = YES;
				GENERATE_INFOPLIST_FILE = YES;
				"INFOPLIST_KEY_UIApplicationSceneManifest_Generation[sdk=iphoneos*]" = YES;
				"INFOPLIST_KEY_UIApplicationSceneManifest_Generation[sdk=iphonesimulator*]" = YES;
				"INFOPLIST_KEY_UIApplicationSupportsIndirectInputEvents[sdk=iphoneos*]" = YES;
				"INFOPLIST_KEY_UIApplicationSupportsIndirectInputEvents[sdk=iphonesimulator*]" = YES;
				"INFOPLIST_KEY_UILaunchScreen_Generation[sdk=iphoneos*]" = YES;
				"INFOPLIST_KEY_UILaunchScreen_Generation[sdk=iphonesimulator*]" = YES;
				"INFOPLIST_KEY_UIStatusBarStyle[sdk=iphoneos*]" = UIStatusBarStyleDefault;
				"INFOPLIST_KEY_UIStatusBarStyle[sdk=iphonesimulator*]" = UIStatusBarStyleDefault;
				INFOPLIST_KEY_UISupportedInterfaceOrientations_iPad = "UIInterfaceOrientationPortrait UIInterfaceOrientationPortraitUpsideDown UIInterfaceOrientationLandscapeLeft UIInterfaceOrientationLandscapeRight";
				INFOPLIST_KEY_UISupportedInterfaceOrientations_iPhone = "UIInterfaceOrientationPortrait UIInterfaceOrientationLandscapeLeft UIInterfaceOrientationLandscapeRight";
				IPHONEOS_DEPLOYMENT_TARGET = 16.1;
				LD_RUNPATH_SEARCH_PATHS = "@executable_path/Frameworks";
				"LD_RUNPATH_SEARCH_PATHS[sdk=macosx*]" = "@executable_path/../Frameworks";
				MACOSX_DEPLOYMENT_TARGET = 13.0;
				MARKETING_VERSION = 1.0;
				PRODUCT_BUNDLE_IDENTIFIER = com.joe3524.TravelDiscovery;
				PRODUCT_NAME = "$(TARGET_NAME)";
				SDKROOT = auto;
				SUPPORTED_PLATFORMS = "iphoneos iphonesimulator macosx";
				SWIFT_EMIT_LOC_STRINGS = YES;
				SWIFT_VERSION = 5.0;
				TARGETED_DEVICE_FAMILY = "1,2";
			};
			name = Debug;
		};
		D839EAAB2ABEBD1E006BA225 /* Release */ = {
			isa = XCBuildConfiguration;
			buildSettings = {
				ASSETCATALOG_COMPILER_APPICON_NAME = AppIcon;
				ASSETCATALOG_COMPILER_GLOBAL_ACCENT_COLOR_NAME = AccentColor;
				CODE_SIGN_ENTITLEMENTS = TravelDiscovery/TravelDiscovery.entitlements;
				CODE_SIGN_STYLE = Automatic;
				CURRENT_PROJECT_VERSION = 1;
				DEVELOPMENT_ASSET_PATHS = "\"TravelDiscovery/Preview Content\"";
				DEVELOPMENT_TEAM = Q5CYH8RVUS;
				ENABLE_HARDENED_RUNTIME = YES;
				ENABLE_PREVIEWS = YES;
				GENERATE_INFOPLIST_FILE = YES;
				"INFOPLIST_KEY_UIApplicationSceneManifest_Generation[sdk=iphoneos*]" = YES;
				"INFOPLIST_KEY_UIApplicationSceneManifest_Generation[sdk=iphonesimulator*]" = YES;
				"INFOPLIST_KEY_UIApplicationSupportsIndirectInputEvents[sdk=iphoneos*]" = YES;
				"INFOPLIST_KEY_UIApplicationSupportsIndirectInputEvents[sdk=iphonesimulator*]" = YES;
				"INFOPLIST_KEY_UILaunchScreen_Generation[sdk=iphoneos*]" = YES;
				"INFOPLIST_KEY_UILaunchScreen_Generation[sdk=iphonesimulator*]" = YES;
				"INFOPLIST_KEY_UIStatusBarStyle[sdk=iphoneos*]" = UIStatusBarStyleDefault;
				"INFOPLIST_KEY_UIStatusBarStyle[sdk=iphonesimulator*]" = UIStatusBarStyleDefault;
				INFOPLIST_KEY_UISupportedInterfaceOrientations_iPad = "UIInterfaceOrientationPortrait UIInterfaceOrientationPortraitUpsideDown UIInterfaceOrientationLandscapeLeft UIInterfaceOrientationLandscapeRight";
				INFOPLIST_KEY_UISupportedInterfaceOrientations_iPhone = "UIInterfaceOrientationPortrait UIInterfaceOrientationLandscapeLeft UIInterfaceOrientationLandscapeRight";
				IPHONEOS_DEPLOYMENT_TARGET = 16.1;
				LD_RUNPATH_SEARCH_PATHS = "@executable_path/Frameworks";
				"LD_RUNPATH_SEARCH_PATHS[sdk=macosx*]" = "@executable_path/../Frameworks";
				MACOSX_DEPLOYMENT_TARGET = 13.0;
				MARKETING_VERSION = 1.0;
				PRODUCT_BUNDLE_IDENTIFIER = com.joe3524.TravelDiscovery;
				PRODUCT_NAME = "$(TARGET_NAME)";
				SDKROOT = auto;
				SUPPORTED_PLATFORMS = "iphoneos iphonesimulator macosx";
				SWIFT_EMIT_LOC_STRINGS = YES;
				SWIFT_VERSION = 5.0;
				TARGETED_DEVICE_FAMILY = "1,2";
			};
			name = Release;
		};
/* End XCBuildConfiguration section */

/* Begin XCConfigurationList section */
		D839EA952ABEBD1C006BA225 /* Build configuration list for PBXProject "TravelDiscovery" */ = {
			isa = XCConfigurationList;
			buildConfigurations = (
				D839EAA72ABEBD1E006BA225 /* Debug */,
				D839EAA82ABEBD1E006BA225 /* Release */,
			);
			defaultConfigurationIsVisible = 0;
			defaultConfigurationName = Release;
		};
		D839EAA92ABEBD1E006BA225 /* Build configuration list for PBXNativeTarget "TravelDiscovery" */ = {
			isa = XCConfigurationList;
			buildConfigurations = (
				D839EAAA2ABEBD1E006BA225 /* Debug */,
				D839EAAB2ABEBD1E006BA225 /* Release */,
			);
			defaultConfigurationIsVisible = 0;
			defaultConfigurationName = Release;
		};
/* End XCConfigurationList section */

/* Begin XCRemoteSwiftPackageReference section */
		D8AE4D1A2AC31796009BB0C1 /* XCRemoteSwiftPackageReference "Kingfisher" */ = {
			isa = XCRemoteSwiftPackageReference;
			repositoryURL = "https://github.com/onevcat/Kingfisher";
			requirement = {
				kind = upToNextMajorVersion;
				minimumVersion = 7.0.0;
			};
		};
		D8AE4D1D2AC318BF009BB0C1 /* XCRemoteSwiftPackageReference "SDWebImageSwiftUI" */ = {
			isa = XCRemoteSwiftPackageReference;
			repositoryURL = "https://github.com/SDWebImage/SDWebImageSwiftUI";
			requirement = {
				kind = upToNextMajorVersion;
				minimumVersion = 2.0.0;
			};
		};
/* End XCRemoteSwiftPackageReference section */

/* Begin XCSwiftPackageProductDependency section */
		D8AE4D1B2AC31796009BB0C1 /* Kingfisher */ = {
			isa = XCSwiftPackageProductDependency;
			package = D8AE4D1A2AC31796009BB0C1 /* XCRemoteSwiftPackageReference "Kingfisher" */;
			productName = Kingfisher;
		};
		D8AE4D1E2AC318BF009BB0C1 /* SDWebImageSwiftUI */ = {
			isa = XCSwiftPackageProductDependency;
			package = D8AE4D1D2AC318BF009BB0C1 /* XCRemoteSwiftPackageReference "SDWebImageSwiftUI" */;
			productName = SDWebImageSwiftUI;
		};
/* End XCSwiftPackageProductDependency section */
	};
	rootObject = D839EA922ABEBD1C006BA225 /* Project object */;
}
